
Microsoft Visual Studio Solution File, Format Version 12.00
# Visual Studio Version 17
VisualStudioVersion = 17.0.31903.59
MinimumVisualStudioVersion = 10.0.40219.1
Project("{FAE04EC0-301F-11D3-BF4B-00C04F79EFBC}") = "MyGymProject.Server", "MyGymProject.Server.csproj", "{3D7B0137-6DA6-46C1-A2EC-C82C7CD9A843}"
EndProject
Project("{FAE04EC0-301F-11D3-BF4B-00C04F79EFBC}") = "Domain", "..\Domain\Domain.csproj", "{573A3FD5-1A4E-45AB-9FC9-9334EA6E9E5D}"
EndProject
Project("{FAE04EC0-301F-11D3-BF4B-00C04F79EFBC}") = "Application", "..\Application\Application.csproj", "{20967AC3-1625-42FE-B0C3-AA7DDB6C7DFB}"
EndProject
Project("{FAE04EC0-301F-11D3-BF4B-00C04F79EFBC}") = "Infrastructure", "..\Infrastructure\Infrastructure.csproj", "{3FC9051F-C3A5-4059-A1BC-CBD7E6744C0F}"
EndProject
Project("{FAE04EC0-301F-11D3-BF4B-00C04F79EFBC}") = "WebApi", "..\WebApi\WebApi.csproj", "{B9C6F623-5419-4007-A720-34F6EFEBA42A}"
EndProject
Global
	GlobalSection(SolutionConfigurationPlatforms) = preSolution
		Debug|Any CPU = Debug|Any CPU
		Debug|x64 = Debug|x64
		Debug|x86 = Debug|x86
		Release|Any CPU = Release|Any CPU
		Release|x64 = Release|x64
		Release|x86 = Release|x86
	EndGlobalSection
	GlobalSection(ProjectConfigurationPlatforms) = postSolution
		{3D7B0137-6DA6-46C1-A2EC-C82C7CD9A843}.Debug|Any CPU.ActiveCfg = Debug|Any CPU
		{3D7B0137-6DA6-46C1-A2EC-C82C7CD9A843}.Debug|Any CPU.Build.0 = Debug|Any CPU
		{3D7B0137-6DA6-46C1-A2EC-C82C7CD9A843}.Debug|x64.ActiveCfg = Debug|Any CPU
		{3D7B0137-6DA6-46C1-A2EC-C82C7CD9A843}.Debug|x64.Build.0 = Debug|Any CPU
		{3D7B0137-6DA6-46C1-A2EC-C82C7CD9A843}.Debug|x86.ActiveCfg = Debug|Any CPU
		{3D7B0137-6DA6-46C1-A2EC-C82C7CD9A843}.Debug|x86.Build.0 = Debug|Any CPU
		{3D7B0137-6DA6-46C1-A2EC-C82C7CD9A843}.Release|Any CPU.ActiveCfg = Release|Any CPU
		{3D7B0137-6DA6-46C1-A2EC-C82C7CD9A843}.Release|Any CPU.Build.0 = Release|Any CPU
		{3D7B0137-6DA6-46C1-A2EC-C82C7CD9A843}.Release|x64.ActiveCfg = Release|Any CPU
		{3D7B0137-6DA6-46C1-A2EC-C82C7CD9A843}.Release|x64.Build.0 = Release|Any CPU
		{3D7B0137-6DA6-46C1-A2EC-C82C7CD9A843}.Release|x86.ActiveCfg = Release|Any CPU
		{3D7B0137-6DA6-46C1-A2EC-C82C7CD9A843}.Release|x86.Build.0 = Release|Any CPU
		{573A3FD5-1A4E-45AB-9FC9-9334EA6E9E5D}.Debug|Any CPU.ActiveCfg = Debug|Any CPU
		{573A3FD5-1A4E-45AB-9FC9-9334EA6E9E5D}.Debug|Any CPU.Build.0 = Debug|Any CPU
		{573A3FD5-1A4E-45AB-9FC9-9334EA6E9E5D}.Debug|x64.ActiveCfg = Debug|Any CPU
		{573A3FD5-1A4E-45AB-9FC9-9334EA6E9E5D}.Debug|x64.Build.0 = Debug|Any CPU
		{573A3FD5-1A4E-45AB-9FC9-9334EA6E9E5D}.Debug|x86.ActiveCfg = Debug|Any CPU
		{573A3FD5-1A4E-45AB-9FC9-9334EA6E9E5D}.Debug|x86.Build.0 = Debug|Any CPU
		{573A3FD5-1A4E-45AB-9FC9-9334EA6E9E5D}.Release|Any CPU.ActiveCfg = Release|Any CPU
		{573A3FD5-1A4E-45AB-9FC9-9334EA6E9E5D}.Release|Any CPU.Build.0 = Release|Any CPU
		{573A3FD5-1A4E-45AB-9FC9-9334EA6E9E5D}.Release|x64.ActiveCfg = Release|Any CPU
		{573A3FD5-1A4E-45AB-9FC9-9334EA6E9E5D}.Release|x64.Build.0 = Release|Any CPU
		{573A3FD5-1A4E-45AB-9FC9-9334EA6E9E5D}.Release|x86.ActiveCfg = Release|Any CPU
		{573A3FD5-1A4E-45AB-9FC9-9334EA6E9E5D}.Release|x86.Build.0 = Release|Any CPU
		{20967AC3-1625-42FE-B0C3-AA7DDB6C7DFB}.Debug|Any CPU.ActiveCfg = Debug|Any CPU
		{20967AC3-1625-42FE-B0C3-AA7DDB6C7DFB}.Debug|Any CPU.Build.0 = Debug|Any CPU
		{20967AC3-1625-42FE-B0C3-AA7DDB6C7DFB}.Debug|x64.ActiveCfg = Debug|Any CPU
		{20967AC3-1625-42FE-B0C3-AA7DDB6C7DFB}.Debug|x64.Build.0 = Debug|Any CPU
		{20967AC3-1625-42FE-B0C3-AA7DDB6C7DFB}.Debug|x86.ActiveCfg = Debug|Any CPU
		{20967AC3-1625-42FE-B0C3-AA7DDB6C7DFB}.Debug|x86.Build.0 = Debug|Any CPU
		{20967AC3-1625-42FE-B0C3-AA7DDB6C7DFB}.Release|Any CPU.ActiveCfg = Release|Any CPU
		{20967AC3-1625-42FE-B0C3-AA7DDB6C7DFB}.Release|Any CPU.Build.0 = Release|Any CPU
		{20967AC3-1625-42FE-B0C3-AA7DDB6C7DFB}.Release|x64.ActiveCfg = Release|Any CPU
		{20967AC3-1625-42FE-B0C3-AA7DDB6C7DFB}.Release|x64.Build.0 = Release|Any CPU
		{20967AC3-1625-42FE-B0C3-AA7DDB6C7DFB}.Release|x86.ActiveCfg = Release|Any CPU
		{20967AC3-1625-42FE-B0C3-AA7DDB6C7DFB}.Release|x86.Build.0 = Release|Any CPU
		{3FC9051F-C3A5-4059-A1BC-CBD7E6744C0F}.Debug|Any CPU.ActiveCfg = Debug|Any CPU
		{3FC9051F-C3A5-4059-A1BC-CBD7E6744C0F}.Debug|Any CPU.Build.0 = Debug|Any CPU
		{3FC9051F-C3A5-4059-A1BC-CBD7E6744C0F}.Debug|x64.ActiveCfg = Debug|Any CPU
		{3FC9051F-C3A5-4059-A1BC-CBD7E6744C0F}.Debug|x64.Build.0 = Debug|Any CPU
		{3FC9051F-C3A5-4059-A1BC-CBD7E6744C0F}.Debug|x86.ActiveCfg = Debug|Any CPU
		{3FC9051F-C3A5-4059-A1BC-CBD7E6744C0F}.Debug|x86.Build.0 = Debug|Any CPU
		{3FC9051F-C3A5-4059-A1BC-CBD7E6744C0F}.Release|Any CPU.ActiveCfg = Release|Any CPU
		{3FC9051F-C3A5-4059-A1BC-CBD7E6744C0F}.Release|Any CPU.Build.0 = Release|Any CPU
		{3FC9051F-C3A5-4059-A1BC-CBD7E6744C0F}.Release|x64.ActiveCfg = Release|Any CPU
		{3FC9051F-C3A5-4059-A1BC-CBD7E6744C0F}.Release|x64.Build.0 = Release|Any CPU
		{3FC9051F-C3A5-4059-A1BC-CBD7E6744C0F}.Release|x86.ActiveCfg = Release|Any CPU
		{3FC9051F-C3A5-4059-A1BC-CBD7E6744C0F}.Release|x86.Build.0 = Release|Any CPU
		{B9C6F623-5419-4007-A720-34F6EFEBA42A}.Debug|Any CPU.ActiveCfg = Debug|Any CPU
		{B9C6F623-5419-4007-A720-34F6EFEBA42A}.Debug|Any CPU.Build.0 = Debug|Any CPU
		{B9C6F623-5419-4007-A720-34F6EFEBA42A}.Debug|x64.ActiveCfg = Debug|Any CPU
		{B9C6F623-5419-4007-A720-34F6EFEBA42A}.Debug|x64.Build.0 = Debug|Any CPU
		{B9C6F623-5419-4007-A720-34F6EFEBA42A}.Debug|x86.ActiveCfg = Debug|Any CPU
		{B9C6F623-5419-4007-A720-34F6EFEBA42A}.Debug|x86.Build.0 = Debug|Any CPU
		{B9C6F623-5419-4007-A720-34F6EFEBA42A}.Release|Any CPU.ActiveCfg = Release|Any CPU
		{B9C6F623-5419-4007-A720-34F6EFEBA42A}.Release|Any CPU.Build.0 = Release|Any CPU
		{B9C6F623-5419-4007-A720-34F6EFEBA42A}.Release|x64.ActiveCfg = Release|Any CPU
		{B9C6F623-5419-4007-A720-34F6EFEBA42A}.Release|x64.Build.0 = Release|Any CPU
		{B9C6F623-5419-4007-A720-34F6EFEBA42A}.Release|x86.ActiveCfg = Release|Any CPU
		{B9C6F623-5419-4007-A720-34F6EFEBA42A}.Release|x86.Build.0 = Release|Any CPU
	EndGlobalSection
	GlobalSection(SolutionProperties) = preSolution
		HideSolutionNode = FALSE
	EndGlobalSection
	GlobalSection(ExtensibilityGlobals) = postSolution
		SolutionGuid = {A886D7B9-E211-4253-9AFF-E892775DF1E9}
	EndGlobalSection
EndGlobal
